
Microsoft Visual Studio Solution File, Format Version 12.00
# Visual Studio Version 16
VisualStudioVersion = 16.0.30907.101
MinimumVisualStudioVersion = 10.0.40219.1
Project("{FAE04EC0-301F-11D3-BF4B-00C04F79EFBC}") = "20220425_2", "20220425_2\20220425_2.csproj", "{07D2771D-AA88-4473-9771-1744851A0D6C}"
EndProject
Global
	GlobalSection(SolutionConfigurationPlatforms) = preSolution
		Debug|Any CPU = Debug|Any CPU
		Release|Any CPU = Release|Any CPU
	EndGlobalSection
	GlobalSection(ProjectConfigurationPlatforms) = postSolution
		{07D2771D-AA88-4473-9771-1744851A0D6C}.Debug|Any CPU.ActiveCfg = Debug|Any CPU
		{07D2771D-AA88-4473-9771-1744851A0D6C}.Debug|Any CPU.Build.0 = Debug|Any CPU
		{07D2771D-AA88-4473-9771-1744851A0D6C}.Release|Any CPU.ActiveCfg = Release|Any CPU
		{07D2771D-AA88-4473-9771-1744851A0D6C}.Release|Any CPU.Build.0 = Release|Any CPU
	EndGlobalSection
	GlobalSection(SolutionProperties) = preSolution
		HideSolutionNode = FALSE
	EndGlobalSection
	GlobalSection(ExtensibilityGlobals) = postSolution
		SolutionGuid = {92CEF7CC-D4AB-4D2F-9F6C-370C4680184B}
	EndGlobalSection
EndGlobal
